{
    "_readme": [
        "This file locks the dependencies of your project to a known state",
        "Read more about it at https://getcomposer.org/doc/01-basic-usage.md#installing-dependencies",
        "This file is @generated automatically"
    ],
    "content-hash": "767f0bceb28b723354ec9a7564a4fd11",
    "packages": [
        {
            "name": "markbaker/matrix",
            "version": "2.0.0",
            "source": {
                "type": "git",
                "url": "https://github.com/MarkBaker/PHPMatrix.git",
                "reference": "9567d9c4c519fbe40de01dbd1e4469dbbb66f46a"
            },
            "dist": {
                "type": "zip",
                "url": "https://api.github.com/repos/MarkBaker/PHPMatrix/zipball/9567d9c4c519fbe40de01dbd1e4469dbbb66f46a",
                "reference": "9567d9c4c519fbe40de01dbd1e4469dbbb66f46a",
                "shasum": ""
            },
            "require": {
                "php": "^7.2 || ^8.0"
            },
            "require-dev": {
                "dealerdirect/phpcodesniffer-composer-installer": "^0.7.0",
                "phpcompatibility/php-compatibility": "^9.0",
                "phpdocumentor/phpdocumentor": "2.*",
                "phploc/phploc": "^4.0",
                "phpmd/phpmd": "2.*",
                "phpunit/phpunit": "^7.0 || ^8.0 || ^9.3",
                "sebastian/phpcpd": "^4.0",
                "squizlabs/php_codesniffer": "^3.4"
            },
            "type": "library",
            "autoload": {
                "psr-4": {
                    "Matrix\\": "classes/src/"
                },
                "files": [
                    "classes/src/functions/adjoint.php",
                    "classes/src/functions/antidiagonal.php",
                    "classes/src/functions/cofactors.php",
                    "classes/src/functions/determinant.php",
                    "classes/src/functions/diagonal.php",
                    "classes/src/functions/identity.php",
                    "classes/src/functions/inverse.php",
                    "classes/src/functions/minors.php",
                    "classes/src/functions/trace.php",
                    "classes/src/functions/transpose.php",
                    "classes/src/operations/add.php",
                    "classes/src/operations/directsum.php",
                    "classes/src/operations/subtract.php",
                    "classes/src/operations/multiply.php",
                    "classes/src/operations/divideby.php",
                    "classes/src/operations/divideinto.php"
                ]
            },
            "notification-url": "https://packagist.org/downloads/",
            "license": [
                "MIT"
            ],
            "authors": [
                {
                    "name": "Mark Baker",
                    "email": "mark@demon-angel.eu"
                }
            ],
            "description": "PHP Class for working with matrices",
            "homepage": "https://github.com/MarkBaker/PHPMatrix",
            "keywords": [
                "mathematics",
                "matrix",
                "vector"
            ],
            "support": {
                "issues": "https://github.com/MarkBaker/PHPMatrix/issues",
                "source": "https://github.com/MarkBaker/PHPMatrix/tree/PHP8"
            },
            "time": "2020-08-28T17:11:00+00:00"
        }
    ],
    "packages-dev": [],
    "aliases": [],
    "minimum-stability": "stable",
    "stability-flags": [],
    "prefer-stable": false,
    "prefer-lowest": false,
    "platform": [],
    "platform-dev": [],
    "plugin-api-version": "2.0.0"
}
